{
  "name": "uicomposer",
  "version": "1.0.0",
  "lockfileVersion": 2,
  "requires": true,
  "packages": {
    "": {
      "name": "uicomposer",
      "version": "1.0.0",
      "license": "MIT",
      "dependencies": {
        "@proxtx/html": "^2.1.0"
      }
    },
    "node_modules/@proxtx/html": {
      "version": "2.1.0",
      "resolved": "https://registry.npmjs.org/@proxtx/html/-/html-2.1.0.tgz",
      "integrity": "sha512-grEw49GCoEt1qWKt8edMlNdZFspN/7ZElUn4NIgf9A89jK1CS3wot9oNAtANaiEED1e2xZXAOipPwFtA0z5PTg=="
    }
  },
  "dependencies": {
    "@proxtx/html": {
      "version": "2.1.0",
      "resolved": "https://registry.npmjs.org/@proxtx/html/-/html-2.1.0.tgz",
      "integrity": "sha512-grEw49GCoEt1qWKt8edMlNdZFspN/7ZElUn4NIgf9A89jK1CS3wot9oNAtANaiEED1e2xZXAOipPwFtA0z5PTg=="
    }
  }
}
